
Microsoft Visual Studio Solution File, Format Version 12.00
# Visual Studio Version 16
VisualStudioVersion = 16.0.29905.134
MinimumVisualStudioVersion = 10.0.40219.1
Project("{9A19103F-16F7-4668-BE54-9A1E7A4F7556}") = "AngularMvpVm", "AngularMvpVm\AngularMvpVm.csproj", "{B80E84A5-EF20-4320-86B2-19C5295A6A0A}"
EndProject
Project("{2150E333-8FDC-42A3-9474-1A3956D46DE8}") = "Root", "Root", "{7F02A1CD-DA6F-43FC-974D-590E3E3EBADA}"
	ProjectSection(SolutionItems) = preProject
		.gitignore = .gitignore
		LICENSE = LICENSE
		README.md = README.md
	EndProjectSection
EndProject
Global
	GlobalSection(SolutionConfigurationPlatforms) = preSolution
		Debug|Any CPU = Debug|Any CPU
		Release|Any CPU = Release|Any CPU
	EndGlobalSection
	GlobalSection(ProjectConfigurationPlatforms) = postSolution
		{B80E84A5-EF20-4320-86B2-19C5295A6A0A}.Debug|Any CPU.ActiveCfg = Debug|Any CPU
		{B80E84A5-EF20-4320-86B2-19C5295A6A0A}.Debug|Any CPU.Build.0 = Debug|Any CPU
		{B80E84A5-EF20-4320-86B2-19C5295A6A0A}.Release|Any CPU.ActiveCfg = Release|Any CPU
		{B80E84A5-EF20-4320-86B2-19C5295A6A0A}.Release|Any CPU.Build.0 = Release|Any CPU
	EndGlobalSection
	GlobalSection(SolutionProperties) = preSolution
		HideSolutionNode = FALSE
	EndGlobalSection
	GlobalSection(ExtensibilityGlobals) = postSolution
		SolutionGuid = {3BFDD9F1-FF5B-45A8-B349-61E17129C47F}
	EndGlobalSection
EndGlobal
